
Microsoft Visual Studio Solution File, Format Version 12.00
# Visual Studio Version 16
VisualStudioVersion = 16.0.29215.179
MinimumVisualStudioVersion = 10.0.40219.1
Project("{9A19103F-16F7-4668-BE54-9A1E7A4F7556}") = "AppCoreNet.Data.Abstractions", "src\AppCoreNet.Data.Abstractions\AppCoreNet.Data.Abstractions.csproj", "{1CDC4550-43F9-4EEA-B5BB-B32ED68026FA}"
EndProject
Project("{9A19103F-16F7-4668-BE54-9A1E7A4F7556}") = "AppCoreNet.Data", "src\AppCoreNet.Data\AppCoreNet.Data.csproj", "{2C53E3E5-928F-4D96-8ADF-140F589C1887}"
EndProject
Project("{9A19103F-16F7-4668-BE54-9A1E7A4F7556}") = "AppCoreNet.Data.EntityFrameworkCore", "src\AppCoreNet.Data.EntityFrameworkCore\AppCoreNet.Data.EntityFrameworkCore.csproj", "{EE52F420-0C7E-4F83-A171-3A1A7B5F5B4F}"
EndProject
Project("{9A19103F-16F7-4668-BE54-9A1E7A4F7556}") = "AppCoreNet.Data.Tests", "test\AppCoreNet.Data.Tests\AppCoreNet.Data.Tests.csproj", "{2F1C1FB9-22F0-4109-85C4-09A59A60465E}"
EndProject
Project("{9A19103F-16F7-4668-BE54-9A1E7A4F7556}") = "AppCoreNet.Data.EntityFrameworkCore.Tests", "test\AppCoreNet.Data.EntityFrameworkCore.Tests\AppCoreNet.Data.EntityFrameworkCore.Tests.csproj", "{5E374BA2-6CA6-4EA7-B572-15DFD1DE11EB}"
EndProject
Project("{2150E333-8FDC-42A3-9474-1A3956D46DE8}") = "Solution Items", "Solution Items", "{86C2C994-B4CA-4364-9F38-EB6D3A485D20}"
	ProjectSection(SolutionItems) = preProject
		.editorconfig = .editorconfig
		.gitignore = .gitignore
		AppCoreNet.ruleset = AppCoreNet.ruleset
		CONTRIBUTING.md = CONTRIBUTING.md
		Directory.Build.props = Directory.Build.props
		GitVersion.yml = GitVersion.yml
		global.json = global.json
		LICENSE = LICENSE
		README.md = README.md
		stylecop.json = stylecop.json
	EndProjectSection
EndProject
Project("{2150E333-8FDC-42A3-9474-1A3956D46DE8}") = "src", "src", "{80A494A8-C591-4A8D-98DF-826D2D32ECA9}"
	ProjectSection(SolutionItems) = preProject
		src\Directory.Build.props = src\Directory.Build.props
	EndProjectSection
EndProject
Project("{2150E333-8FDC-42A3-9474-1A3956D46DE8}") = "test", "test", "{C8F2D282-96F6-48F4-B707-79E7FF58974C}"
	ProjectSection(SolutionItems) = preProject
		test\Directory.Build.props = test\Directory.Build.props
	EndProjectSection
EndProject
Global
	GlobalSection(SolutionConfigurationPlatforms) = preSolution
		Debug|Any CPU = Debug|Any CPU
		Release|Any CPU = Release|Any CPU
	EndGlobalSection
	GlobalSection(ProjectConfigurationPlatforms) = postSolution
		{1CDC4550-43F9-4EEA-B5BB-B32ED68026FA}.Debug|Any CPU.ActiveCfg = Debug|Any CPU
		{1CDC4550-43F9-4EEA-B5BB-B32ED68026FA}.Debug|Any CPU.Build.0 = Debug|Any CPU
		{1CDC4550-43F9-4EEA-B5BB-B32ED68026FA}.Release|Any CPU.ActiveCfg = Release|Any CPU
		{1CDC4550-43F9-4EEA-B5BB-B32ED68026FA}.Release|Any CPU.Build.0 = Release|Any CPU
		{2C53E3E5-928F-4D96-8ADF-140F589C1887}.Debug|Any CPU.ActiveCfg = Debug|Any CPU
		{2C53E3E5-928F-4D96-8ADF-140F589C1887}.Debug|Any CPU.Build.0 = Debug|Any CPU
		{2C53E3E5-928F-4D96-8ADF-140F589C1887}.Release|Any CPU.ActiveCfg = Release|Any CPU
		{2C53E3E5-928F-4D96-8ADF-140F589C1887}.Release|Any CPU.Build.0 = Release|Any CPU
		{EE52F420-0C7E-4F83-A171-3A1A7B5F5B4F}.Debug|Any CPU.ActiveCfg = Debug|Any CPU
		{EE52F420-0C7E-4F83-A171-3A1A7B5F5B4F}.Debug|Any CPU.Build.0 = Debug|Any CPU
		{EE52F420-0C7E-4F83-A171-3A1A7B5F5B4F}.Release|Any CPU.ActiveCfg = Release|Any CPU
		{EE52F420-0C7E-4F83-A171-3A1A7B5F5B4F}.Release|Any CPU.Build.0 = Release|Any CPU
		{2F1C1FB9-22F0-4109-85C4-09A59A60465E}.Debug|Any CPU.ActiveCfg = Debug|Any CPU
		{2F1C1FB9-22F0-4109-85C4-09A59A60465E}.Debug|Any CPU.Build.0 = Debug|Any CPU
		{2F1C1FB9-22F0-4109-85C4-09A59A60465E}.Release|Any CPU.ActiveCfg = Release|Any CPU
		{2F1C1FB9-22F0-4109-85C4-09A59A60465E}.Release|Any CPU.Build.0 = Release|Any CPU
		{5E374BA2-6CA6-4EA7-B572-15DFD1DE11EB}.Debug|Any CPU.ActiveCfg = Debug|Any CPU
		{5E374BA2-6CA6-4EA7-B572-15DFD1DE11EB}.Debug|Any CPU.Build.0 = Debug|Any CPU
		{5E374BA2-6CA6-4EA7-B572-15DFD1DE11EB}.Release|Any CPU.ActiveCfg = Release|Any CPU
		{5E374BA2-6CA6-4EA7-B572-15DFD1DE11EB}.Release|Any CPU.Build.0 = Release|Any CPU
	EndGlobalSection
	GlobalSection(SolutionProperties) = preSolution
		HideSolutionNode = FALSE
	EndGlobalSection
	GlobalSection(ExtensibilityGlobals) = postSolution
		SolutionGuid = {9B259C92-4976-41D0-9486-50E79F770D6E}
	EndGlobalSection
	GlobalSection(NestedProjects) = preSolution
		{2C53E3E5-928F-4D96-8ADF-140F589C1887} = {80A494A8-C591-4A8D-98DF-826D2D32ECA9}
		{1CDC4550-43F9-4EEA-B5BB-B32ED68026FA} = {80A494A8-C591-4A8D-98DF-826D2D32ECA9}
		{EE52F420-0C7E-4F83-A171-3A1A7B5F5B4F} = {80A494A8-C591-4A8D-98DF-826D2D32ECA9}
		{5E374BA2-6CA6-4EA7-B572-15DFD1DE11EB} = {C8F2D282-96F6-48F4-B707-79E7FF58974C}
		{2F1C1FB9-22F0-4109-85C4-09A59A60465E} = {C8F2D282-96F6-48F4-B707-79E7FF58974C}
	EndGlobalSection
EndGlobal
