
Microsoft Visual Studio Solution File, Format Version 12.00
# Visual Studio Version 16
VisualStudioVersion = 16.0.29215.179
MinimumVisualStudioVersion = 10.0.40219.1
Project("{9A19103F-16F7-4668-BE54-9A1E7A4F7556}") = "AppCore.Data.Abstractions", "src\AppCore.Data.Abstractions\AppCore.Data.Abstractions.csproj", "{1CDC4550-43F9-4EEA-B5BB-B32ED68026FA}"
EndProject
Project("{9A19103F-16F7-4668-BE54-9A1E7A4F7556}") = "AppCore.Data", "src\AppCore.Data\AppCore.Data.csproj", "{2C53E3E5-928F-4D96-8ADF-140F589C1887}"
EndProject
Project("{9A19103F-16F7-4668-BE54-9A1E7A4F7556}") = "AppCore.Data.EntityFrameworkCore", "src\AppCore.Data.EntityFrameworkCore\AppCore.Data.EntityFrameworkCore.csproj", "{EE52F420-0C7E-4F83-A171-3A1A7B5F5B4F}"
EndProject
Project("{9A19103F-16F7-4668-BE54-9A1E7A4F7556}") = "AppCore.Data.Tests", "test\AppCore.Data.Tests\AppCore.Data.Tests.csproj", "{2F1C1FB9-22F0-4109-85C4-09A59A60465E}"
EndProject
Project("{9A19103F-16F7-4668-BE54-9A1E7A4F7556}") = "AppCore.Data.EntityFrameworkCore.Tests", "test\AppCore.Data.EntityFrameworkCore.Tests\AppCore.Data.EntityFrameworkCore.Tests.csproj", "{5E374BA2-6CA6-4EA7-B572-15DFD1DE11EB}"
EndProject
Global
	GlobalSection(SolutionConfigurationPlatforms) = preSolution
		Debug|Any CPU = Debug|Any CPU
		Release|Any CPU = Release|Any CPU
	EndGlobalSection
	GlobalSection(ProjectConfigurationPlatforms) = postSolution
		{1CDC4550-43F9-4EEA-B5BB-B32ED68026FA}.Debug|Any CPU.ActiveCfg = Debug|Any CPU
		{1CDC4550-43F9-4EEA-B5BB-B32ED68026FA}.Debug|Any CPU.Build.0 = Debug|Any CPU
		{1CDC4550-43F9-4EEA-B5BB-B32ED68026FA}.Release|Any CPU.ActiveCfg = Release|Any CPU
		{1CDC4550-43F9-4EEA-B5BB-B32ED68026FA}.Release|Any CPU.Build.0 = Release|Any CPU
		{2C53E3E5-928F-4D96-8ADF-140F589C1887}.Debug|Any CPU.ActiveCfg = Debug|Any CPU
		{2C53E3E5-928F-4D96-8ADF-140F589C1887}.Debug|Any CPU.Build.0 = Debug|Any CPU
		{2C53E3E5-928F-4D96-8ADF-140F589C1887}.Release|Any CPU.ActiveCfg = Release|Any CPU
		{2C53E3E5-928F-4D96-8ADF-140F589C1887}.Release|Any CPU.Build.0 = Release|Any CPU
		{EE52F420-0C7E-4F83-A171-3A1A7B5F5B4F}.Debug|Any CPU.ActiveCfg = Debug|Any CPU
		{EE52F420-0C7E-4F83-A171-3A1A7B5F5B4F}.Debug|Any CPU.Build.0 = Debug|Any CPU
		{EE52F420-0C7E-4F83-A171-3A1A7B5F5B4F}.Release|Any CPU.ActiveCfg = Release|Any CPU
		{EE52F420-0C7E-4F83-A171-3A1A7B5F5B4F}.Release|Any CPU.Build.0 = Release|Any CPU
		{2F1C1FB9-22F0-4109-85C4-09A59A60465E}.Debug|Any CPU.ActiveCfg = Debug|Any CPU
		{2F1C1FB9-22F0-4109-85C4-09A59A60465E}.Debug|Any CPU.Build.0 = Debug|Any CPU
		{2F1C1FB9-22F0-4109-85C4-09A59A60465E}.Release|Any CPU.ActiveCfg = Release|Any CPU
		{2F1C1FB9-22F0-4109-85C4-09A59A60465E}.Release|Any CPU.Build.0 = Release|Any CPU
		{5E374BA2-6CA6-4EA7-B572-15DFD1DE11EB}.Debug|Any CPU.ActiveCfg = Debug|Any CPU
		{5E374BA2-6CA6-4EA7-B572-15DFD1DE11EB}.Debug|Any CPU.Build.0 = Debug|Any CPU
		{5E374BA2-6CA6-4EA7-B572-15DFD1DE11EB}.Release|Any CPU.ActiveCfg = Release|Any CPU
		{5E374BA2-6CA6-4EA7-B572-15DFD1DE11EB}.Release|Any CPU.Build.0 = Release|Any CPU
	EndGlobalSection
	GlobalSection(SolutionProperties) = preSolution
		HideSolutionNode = FALSE
	EndGlobalSection
	GlobalSection(ExtensibilityGlobals) = postSolution
		SolutionGuid = {9B259C92-4976-41D0-9486-50E79F770D6E}
	EndGlobalSection
EndGlobal
